
Microsoft Visual Studio Solution File, Format Version 12.00
# Visual Studio Version 16
VisualStudioVersion = 16.0.30517.126
MinimumVisualStudioVersion = 10.0.40219.1
Project("{FAE04EC0-301F-11D3-BF4B-00C04F79EFBC}") = "pipeline", "pipeline\pipeline.csproj", "{5EC108B2-625E-42BB-B7AA-523D6CC7E563}"
EndProject
Global
	GlobalSection(SolutionConfigurationPlatforms) = preSolution
		Debug|Any CPU = Debug|Any CPU
		Release|Any CPU = Release|Any CPU
	EndGlobalSection
	GlobalSection(ProjectConfigurationPlatforms) = postSolution
		{5EC108B2-625E-42BB-B7AA-523D6CC7E563}.Debug|Any CPU.ActiveCfg = Debug|Any CPU
		{5EC108B2-625E-42BB-B7AA-523D6CC7E563}.Debug|Any CPU.Build.0 = Debug|Any CPU
		{5EC108B2-625E-42BB-B7AA-523D6CC7E563}.Release|Any CPU.ActiveCfg = Release|Any CPU
		{5EC108B2-625E-42BB-B7AA-523D6CC7E563}.Release|Any CPU.Build.0 = Release|Any CPU
	EndGlobalSection
	GlobalSection(SolutionProperties) = preSolution
		HideSolutionNode = FALSE
	EndGlobalSection
	GlobalSection(ExtensibilityGlobals) = postSolution
		SolutionGuid = {FBB9B19D-2095-4B60-B8EC-8BE65016E39D}
	EndGlobalSection
EndGlobal
